// !$*UTF8*$!
{
	archiveVersion = 1;
	classes = {
	};
	objectVersion = 46;
	objects = {

/* Begin PBXBuildFile section */
		33860DA31A8083EA00FF3CC8 /* AppDelegate.swift in Sources */ = {isa = PBXBuildFile; fileRef = 33860DA21A8083EA00FF3CC8 /* AppDelegate.swift */; };
		33860DA51A8083EA00FF3CC8 /* ViewController.swift in Sources */ = {isa = PBXBuildFile; fileRef = 33860DA41A8083EA00FF3CC8 /* ViewController.swift */; };
		33860DA81A8083EA00FF3CC8 /* Main.storyboard in Resources */ = {isa = PBXBuildFile; fileRef = 33860DA61A8083EA00FF3CC8 /* Main.storyboard */; };
		33860DAA1A8083EA00FF3CC8 /* Images.xcassets in Resources */ = {isa = PBXBuildFile; fileRef = 33860DA91A8083EA00FF3CC8 /* Images.xcassets */; };
		33860DAD1A8083EA00FF3CC8 /* LaunchScreen.xib in Resources */ = {isa = PBXBuildFile; fileRef = 33860DAB1A8083EA00FF3CC8 /* LaunchScreen.xib */; };
		33860DB91A8083EB00FF3CC8 /* _9BallonsTests.swift in Sources */ = {isa = PBXBuildFile; fileRef = 33860DB81A8083EB00FF3CC8 /* _9BallonsTests.swift */; };
/* End PBXBuildFile section */

/* Begin PBXContainerItemProxy section */
		33860DB31A8083EB00FF3CC8 /* PBXContainerItemProxy */ = {
			isa = PBXContainerItemProxy;
			containerPortal = 33860D951A8083EA00FF3CC8 /* Project object */;
			proxyType = 1;
			remoteGlobalIDString = 33860D9C1A8083EA00FF3CC8;
			remoteInfo = 99Ballons;
		};
/* End PBXContainerItemProxy section */

/* Begin PBXFileReference section */
		33860D9D1A8083EA00FF3CC8 /* 99Ballons.app */ = {isa = PBXFileReference; explicitFileType = wrapper.application; includeInIndex = 0; path = 99Ballons.app; sourceTree = BUILT_PRODUCTS_DIR; };
		33860DA11A8083EA00FF3CC8 /* Info.plist */ = {isa = PBXFileReference; lastKnownFileType = text.plist.xml; path = Info.plist; sourceTree = "<group>"; };
		33860DA21A8083EA00FF3CC8 /* AppDelegate.swift */ = {isa = PBXFileReference; lastKnownFileType = sourcecode.swift; path = AppDelegate.swift; sourceTree = "<group>"; };
		33860DA41A8083EA00FF3CC8 /* ViewController.swift */ = {isa = PBXFileReference; lastKnownFileType = sourcecode.swift; path = ViewController.swift; sourceTree = "<group>"; };
		33860DA71A8083EA00FF3CC8 /* Base */ = {isa = PBXFileReference; lastKnownFileType = file.storyboard; name = Base; path = Base.lproj/Main.storyboard; sourceTree = "<group>"; };
		33860DA91A8083EA00FF3CC8 /* Images.xcassets */ = {isa = PBXFileReference; lastKnownFileType = folder.assetcatalog; path = Images.xcassets; sourceTree = "<group>"; };
		33860DAC1A8083EA00FF3CC8 /* Base */ = {isa = PBXFileReference; lastKnownFileType = file.xib; name = Base; path = Base.lproj/LaunchScreen.xib; sourceTree = "<group>"; };
		33860DB21A8083EB00FF3CC8 /* 99BallonsTests.xctest */ = {isa = PBXFileReference; explicitFileType = wrapper.cfbundle; includeInIndex = 0; path = 99BallonsTests.xctest; sourceTree = BUILT_PRODUCTS_DIR; };
		33860DB71A8083EB00FF3CC8 /* Info.plist */ = {isa = PBXFileReference; lastKnownFileType = text.plist.xml; path = Info.plist; sourceTree = "<group>"; };
		33860DB81A8083EB00FF3CC8 /* _9BallonsTests.swift */ = {isa = PBXFileReference; lastKnownFileType = sourcecode.swift; path = _9BallonsTests.swift; sourceTree = "<group>"; };
/* End PBXFileReference section */

/* Begin PBXFrameworksBuildPhase section */
		33860D9A1A8083EA00FF3CC8 /* Frameworks */ = {
			isa = PBXFrameworksBuildPhase;
			buildActionMask = 2147483647;
			files = (
			);
			runOnlyForDeploymentPostprocessing = 0;
		};
		33860DAF1A8083EB00FF3CC8 /* Frameworks */ = {
			isa = PBXFrameworksBuildPhase;
			buildActionMask = 2147483647;
			files = (
			);
			runOnlyForDeploymentPostprocessing = 0;
		};
/* End PBXFrameworksBuildPhase section */

/* Begin PBXGroup section */
		33860D941A8083EA00FF3CC8 = {
			isa = PBXGroup;
			children = (
				33860D9F1A8083EA00FF3CC8 /* 99Ballons */,
				33860DB51A8083EB00FF3CC8 /* 99BallonsTests */,
				33860D9E1A8083EA00FF3CC8 /* Products */,
			);
			sourceTree = "<group>";
		};
		33860D9E1A8083EA00FF3CC8 /* Products */ = {
			isa = PBXGroup;
			children = (
				33860D9D1A8083EA00FF3CC8 /* 99Ballons.app */,
				33860DB21A8083EB00FF3CC8 /* 99BallonsTests.xctest */,
			);
			name = Products;
			sourceTree = "<group>";
		};
		33860D9F1A8083EA00FF3CC8 /* 99Ballons */ = {
			isa = PBXGroup;
			children = (
				33860DA21A8083EA00FF3CC8 /* AppDelegate.swift */,
				33860DA41A8083EA00FF3CC8 /* ViewController.swift */,
				33860DA61A8083EA00FF3CC8 /* Main.storyboard */,
				33860DA91A8083EA00FF3CC8 /* Images.xcassets */,
				33860DAB1A8083EA00FF3CC8 /* LaunchScreen.xib */,
				33860DA01A8083EA00FF3CC8 /* Supporting Files */,
			);
			path = 99Ballons;
			sourceTree = "<group>";
		};
		33860DA01A8083EA00FF3CC8 /* Supporting Files */ = {
			isa = PBXGroup;
			children = (
				33860DA11A8083EA00FF3CC8 /* Info.plist */,
			);
			name = "Supporting Files";
			sourceTree = "<group>";
		};
		33860DB51A8083EB00FF3CC8 /* 99BallonsTests */ = {
			isa = PBXGroup;
			children = (
				33860DB81A8083EB00FF3CC8 /* _9BallonsTests.swift */,
				33860DB61A8083EB00FF3CC8 /* Supporting Files */,
			);
			path = 99BallonsTests;
			sourceTree = "<group>";
		};
		33860DB61A8083EB00FF3CC8 /* Supporting Files */ = {
			isa = PBXGroup;
			children = (
				33860DB71A8083EB00FF3CC8 /* Info.plist */,
			);
			name = "Supporting Files";
			sourceTree = "<group>";
		};
/* End PBXGroup section */

/* Begin PBXNativeTarget section */
		33860D9C1A8083EA00FF3CC8 /* 99Ballons */ = {
			isa = PBXNativeTarget;
			buildConfigurationList = 33860DBC1A8083EB00FF3CC8 /* Build configuration list for PBXNativeTarget "99Ballons" */;
			buildPhases = (
				33860D991A8083EA00FF3CC8 /* Sources */,
				33860D9A1A8083EA00FF3CC8 /* Frameworks */,
				33860D9B1A8083EA00FF3CC8 /* Resources */,
			);
			buildRules = (
			);
			dependencies = (
			);
			name = 99Ballons;
			productName = 99Ballons;
			productReference = 33860D9D1A8083EA00FF3CC8 /* 99Ballons.app */;
			productType = "com.apple.product-type.application";
		};
		33860DB11A8083EB00FF3CC8 /* 99BallonsTests */ = {
			isa = PBXNativeTarget;
			buildConfigurationList = 33860DBF1A8083EB00FF3CC8 /* Build configuration list for PBXNativeTarget "99BallonsTests" */;
			buildPhases = (
				33860DAE1A8083EB00FF3CC8 /* Sources */,
				33860DAF1A8083EB00FF3CC8 /* Frameworks */,
				33860DB01A8083EB00FF3CC8 /* Resources */,
			);
			buildRules = (
			);
			dependencies = (
				33860DB41A8083EB00FF3CC8 /* PBXTargetDependency */,
			);
			name = 99BallonsTests;
			productName = 99BallonsTests;
			productReference = 33860DB21A8083EB00FF3CC8 /* 99BallonsTests.xctest */;
			productType = "com.apple.product-type.bundle.unit-test";
		};
/* End PBXNativeTarget section */

/* Begin PBXProject section */
		33860D951A8083EA00FF3CC8 /* Project object */ = {
			isa = PBXProject;
			attributes = {
				LastUpgradeCheck = 0610;
				ORGANIZATIONNAME = "Miguel T Rivera";
				TargetAttributes = {
					33860D9C1A8083EA00FF3CC8 = {
						CreatedOnToolsVersion = 6.1.1;
					};
					33860DB11A8083EB00FF3CC8 = {
						CreatedOnToolsVersion = 6.1.1;
						TestTargetID = 33860D9C1A8083EA00FF3CC8;
					};
				};
			};
			buildConfigurationList = 33860D981A8083EA00FF3CC8 /* Build configuration list for PBXProject "99Ballons" */;
			compatibilityVersion = "Xcode 3.2";
			developmentRegion = English;
			hasScannedForEncodings = 0;
			knownRegions = (
				en,
				Base,
			);
			mainGroup = 33860D941A8083EA00FF3CC8;
			productRefGroup = 33860D9E1A8083EA00FF3CC8 /* Products */;
			projectDirPath = "";
			projectRoot = "";
			targets = (
				33860D9C1A8083EA00FF3CC8 /* 99Ballons */,
				33860DB11A8083EB00FF3CC8 /* 99BallonsTests */,
			);
		};
/* End PBXProject section */

/* Begin PBXResourcesBuildPhase section */
		33860D9B1A8083EA00FF3CC8 /* Resources */ = {
			isa = PBXResourcesBuildPhase;
			buildActionMask = 2147483647;
			files = (
				33860DA81A8083EA00FF3CC8 /* Main.storyboard in Resources */,
				33860DAD1A8083EA00FF3CC8 /* LaunchScreen.xib in Resources */,
				33860DAA1A8083EA00FF3CC8 /* Images.xcassets in Resources */,
			);
			runOnlyForDeploymentPostprocessing = 0;
		};
		33860DB01A8083EB00FF3CC8 /* Resources */ = {
			isa = PBXResourcesBuildPhase;
			buildActionMask = 2147483647;
			files = (
			);
			runOnlyForDeploymentPostprocessing = 0;
		};
/* End PBXResourcesBuildPhase section */

/* Begin PBXSourcesBuildPhase section */
		33860D991A8083EA00FF3CC8 /* Sources */ = {
			isa = PBXSourcesBuildPhase;
			buildActionMask = 2147483647;
			files = (
				33860DA51A8083EA00FF3CC8 /* ViewController.swift in Sources */,
				33860DA31A8083EA00FF3CC8 /* AppDelegate.swift in Sources */,
			);
			runOnlyForDeploymentPostprocessing = 0;
		};
		33860DAE1A8083EB00FF3CC8 /* Sources */ = {
			isa = PBXSourcesBuildPhase;
			buildActionMask = 2147483647;
			files = (
				33860DB91A8083EB00FF3CC8 /* _9BallonsTests.swift in Sources */,
			);
			runOnlyForDeploymentPostprocessing = 0;
		};
/* End PBXSourcesBuildPhase section */

/* Begin PBXTargetDependency section */
		33860DB41A8083EB00FF3CC8 /* PBXTargetDependency */ = {
			isa = PBXTargetDependency;
			target = 33860D9C1A8083EA00FF3CC8 /* 99Ballons */;
			targetProxy = 33860DB31A8083EB00FF3CC8 /* PBXContainerItemProxy */;
		};
/* End PBXTargetDependency section */

/* Begin PBXVariantGroup section */
		33860DA61A8083EA00FF3CC8 /* Main.storyboard */ = {
			isa = PBXVariantGroup;
			children = (
				33860DA71A8083EA00FF3CC8 /* Base */,
			);
			name = Main.storyboard;
			sourceTree = "<group>";
		};
		33860DAB1A8083EA00FF3CC8 /* LaunchScreen.xib */ = {
			isa = PBXVariantGroup;
			children = (
				33860DAC1A8083EA00FF3CC8 /* Base */,
			);
			name = LaunchScreen.xib;
			sourceTree = "<group>";
		};
/* End PBXVariantGroup section */

/* Begin XCBuildConfiguration section */
		33860DBA1A8083EB00FF3CC8 /* Debug */ = {
			isa = XCBuildConfiguration;
			buildSettings = {
				ALWAYS_SEARCH_USER_PATHS = NO;
				CLANG_CXX_LANGUAGE_STANDARD = "gnu++0x";
				CLANG_CXX_LIBRARY = "libc++";
				CLANG_ENABLE_MODULES = YES;
				CLANG_ENABLE_OBJC_ARC = YES;
				CLANG_WARN_BOOL_CONVERSION = YES;
				CLANG_WARN_CONSTANT_CONVERSION = YES;
				CLANG_WARN_DIRECT_OBJC_ISA_USAGE = YES_ERROR;
				CLANG_WARN_EMPTY_BODY = YES;
				CLANG_WARN_ENUM_CONVERSION = YES;
				CLANG_WARN_INT_CONVERSION = YES;
				CLANG_WARN_OBJC_ROOT_CLASS = YES_ERROR;
				CLANG_WARN_UNREACHABLE_CODE = YES;
				CLANG_WARN__DUPLICATE_METHOD_MATCH = YES;
				"CODE_SIGN_IDENTITY[sdk=iphoneos*]" = "iPhone Developer";
				COPY_PHASE_STRIP = NO;
				ENABLE_STRICT_OBJC_MSGSEND = YES;
				GCC_C_LANGUAGE_STANDARD = gnu99;
				GCC_DYNAMIC_NO_PIC = NO;
				GCC_OPTIMIZATION_LEVEL = 0;
				GCC_PREPROCESSOR_DEFINITIONS = (
					"DEBUG=1",
					"$(inherited)",
				);
				GCC_SYMBOLS_PRIVATE_EXTERN = NO;
				GCC_WARN_64_TO_32_BIT_CONVERSION = YES;
				GCC_WARN_ABOUT_RETURN_TYPE = YES_ERROR;
				GCC_WARN_UNDECLARED_SELECTOR = YES;
				GCC_WARN_UNINITIALIZED_AUTOS = YES_AGGRESSIVE;
				GCC_WARN_UNUSED_FUNCTION = YES;
				GCC_WARN_UNUSED_VARIABLE = YES;
				IPHONEOS_DEPLOYMENT_TARGET = 8.1;
				MTL_ENABLE_DEBUG_INFO = YES;
				ONLY_ACTIVE_ARCH = YES;
				SDKROOT = iphoneos;
				SWIFT_OPTIMIZATION_LEVEL = "-Onone";
				TARGETED_DEVICE_FAMILY = "1,2";
			};
			name = Debug;
		};
		33860DBB1A8083EB00FF3CC8 /* Release */ = {
			isa = XCBuildConfiguration;
			buildSettings = {
				ALWAYS_SEARCH_USER_PATHS = NO;
				CLANG_CXX_LANGUAGE_STANDARD = "gnu++0x";
				CLANG_CXX_LIBRARY = "libc++";
				CLANG_ENABLE_MODULES = YES;
				CLANG_ENABLE_OBJC_ARC = YES;
				CLANG_WARN_BOOL_CONVERSION = YES;
				CLANG_WARN_CONSTANT_CONVERSION = YES;
				CLANG_WARN_DIRECT_OBJC_ISA_USAGE = YES_ERROR;
				CLANG_WARN_EMPTY_BODY = YES;
				CLANG_WARN_ENUM_CONVERSION = YES;
				CLANG_WARN_INT_CONVERSION = YES;
				CLANG_WARN_OBJC_ROOT_CLASS = YES_ERROR;
				CLANG_WARN_UNREACHABLE_CODE = YES;
				CLANG_WARN__DUPLICATE_METHOD_MATCH = YES;
				"CODE_SIGN_IDENTITY[sdk=iphoneos*]" = "iPhone Developer";
				COPY_PHASE_STRIP = YES;
				ENABLE_NS_ASSERTIONS = NO;
				ENABLE_STRICT_OBJC_MSGSEND = YES;
				GCC_C_LANGUAGE_STANDARD = gnu99;
				GCC_WARN_64_TO_32_BIT_CONVERSION = YES;
				GCC_WARN_ABOUT_RETURN_TYPE = YES_ERROR;
				GCC_WARN_UNDECLARED_SELECTOR = YES;
				GCC_WARN_UNINITIALIZED_AUTOS = YES_AGGRESSIVE;
				GCC_WARN_UNUSED_FUNCTION = YES;
				GCC_WARN_UNUSED_VARIABLE = YES;
				IPHONEOS_DEPLOYMENT_TARGET = 8.1;
				MTL_ENABLE_DEBUG_INFO = NO;
				SDKROOT = iphoneos;
				TARGETED_DEVICE_FAMILY = "1,2";
				VALIDATE_PRODUCT = YES;
			};
			name = Release;
		};
		33860DBD1A8083EB00FF3CC8 /* Debug */ = {
			isa = XCBuildConfiguration;
			buildSettings = {
				ASSETCATALOG_COMPILER_APPICON_NAME = AppIcon;
				INFOPLIST_FILE = 99Ballons/Info.plist;
				LD_RUNPATH_SEARCH_PATHS = "$(inherited) @executable_path/Frameworks";
				PRODUCT_NAME = "$(TARGET_NAME)";
			};
			name = Debug;
		};
		33860DBE1A8083EB00FF3CC8 /* Release */ = {
			isa = XCBuildConfiguration;
			buildSettings = {
				ASSETCATALOG_COMPILER_APPICON_NAME = AppIcon;
				INFOPLIST_FILE = 99Ballons/Info.plist;
				LD_RUNPATH_SEARCH_PATHS = "$(inherited) @executable_path/Frameworks";
				PRODUCT_NAME = "$(TARGET_NAME)";
			};
			name = Release;
		};
		33860DC01A8083EB00FF3CC8 /* Debug */ = {
			isa = XCBuildConfiguration;
			buildSettings = {
				BUNDLE_LOADER = "$(TEST_HOST)";
				FRAMEWORK_SEARCH_PATHS = (
					"$(SDKROOT)/Developer/Library/Frameworks",
					"$(inherited)",
				);
				GCC_PREPROCESSOR_DEFINITIONS = (
					"DEBUG=1",
					"$(inherited)",
				);
				INFOPLIST_FILE = 99BallonsTests/Info.plist;
				LD_RUNPATH_SEARCH_PATHS = "$(inherited) @executable_path/Frameworks @loader_path/Frameworks";
				PRODUCT_NAME = "$(TARGET_NAME)";
				TEST_HOST = "$(BUILT_PRODUCTS_DIR)/99Ballons.app/99Ballons";
			};
			name = Debug;
		};
		33860DC11A8083EB00FF3CC8 /* Release */ = {
			isa = XCBuildConfiguration;
			buildSettings = {
				BUNDLE_LOADER = "$(TEST_HOST)";
				FRAMEWORK_SEARCH_PATHS = (
					"$(SDKROOT)/Developer/Library/Frameworks",
					"$(inherited)",
				);
				INFOPLIST_FILE = 99BallonsTests/Info.plist;
				LD_RUNPATH_SEARCH_PATHS = "$(inherited) @executable_path/Frameworks @loader_path/Frameworks";
				PRODUCT_NAME = "$(TARGET_NAME)";
				TEST_HOST = "$(BUILT_PRODUCTS_DIR)/99Ballons.app/99Ballons";
			};
			name = Release;
		};
/* End XCBuildConfiguration section */

/* Begin XCConfigurationList section */
		33860D981A8083EA00FF3CC8 /* Build configuration list for PBXProject "99Ballons" */ = {
			isa = XCConfigurationList;
			buildConfigurations = (
				33860DBA1A8083EB00FF3CC8 /* Debug */,
				33860DBB1A8083EB00FF3CC8 /* Release */,
			);
			defaultConfigurationIsVisible = 0;
			defaultConfigurationName = Release;
		};
		33860DBC1A8083EB00FF3CC8 /* Build configuration list for PBXNativeTarget "99Ballons" */ = {
			isa = XCConfigurationList;
			buildConfigurations = (
				33860DBD1A8083EB00FF3CC8 /* Debug */,
				33860DBE1A8083EB00FF3CC8 /* Release */,
			);
			defaultConfigurationIsVisible = 0;
		};
		33860DBF1A8083EB00FF3CC8 /* Build configuration list for PBXNativeTarget "99BallonsTests" */ = {
			isa = XCConfigurationList;
			buildConfigurations = (
				33860DC01A8083EB00FF3CC8 /* Debug */,
				33860DC11A8083EB00FF3CC8 /* Release */,
			);
			defaultConfigurationIsVisible = 0;
		};
/* End XCConfigurationList section */
	};
	rootObject = 33860D951A8083EA00FF3CC8 /* Project object */;
}
